
Microsoft Visual Studio Solution File, Format Version 12.00
# Visual Studio Version 17
VisualStudioVersion = 17.4.33213.308
MinimumVisualStudioVersion = 10.0.40219.1
Project("{FAE04EC0-301F-11D3-BF4B-00C04F79EFBC}") = "Test2024", "Test2024.csproj", "{317F665B-D56A-47B1-B019-77B4D53E3AA6}"
EndProject
Project("{9A19103F-16F7-4668-BE54-9A1E7A4F7556}") = "2", "..\Nomer2\2.csproj", "{B3F4CF3A-9481-4E5E-9B8E-839E1A53208C}"
EndProject
Global
	GlobalSection(SolutionConfigurationPlatforms) = preSolution
		Debug|Any CPU = Debug|Any CPU
		Release|Any CPU = Release|Any CPU
	EndGlobalSection
	GlobalSection(ProjectConfigurationPlatforms) = postSolution
		{317F665B-D56A-47B1-B019-77B4D53E3AA6}.Debug|Any CPU.ActiveCfg = Debug|Any CPU
		{317F665B-D56A-47B1-B019-77B4D53E3AA6}.Debug|Any CPU.Build.0 = Debug|Any CPU
		{317F665B-D56A-47B1-B019-77B4D53E3AA6}.Release|Any CPU.ActiveCfg = Release|Any CPU
		{317F665B-D56A-47B1-B019-77B4D53E3AA6}.Release|Any CPU.Build.0 = Release|Any CPU
		{B3F4CF3A-9481-4E5E-9B8E-839E1A53208C}.Debug|Any CPU.ActiveCfg = Debug|Any CPU
		{B3F4CF3A-9481-4E5E-9B8E-839E1A53208C}.Debug|Any CPU.Build.0 = Debug|Any CPU
		{B3F4CF3A-9481-4E5E-9B8E-839E1A53208C}.Release|Any CPU.ActiveCfg = Release|Any CPU
		{B3F4CF3A-9481-4E5E-9B8E-839E1A53208C}.Release|Any CPU.Build.0 = Release|Any CPU
	EndGlobalSection
	GlobalSection(SolutionProperties) = preSolution
		HideSolutionNode = FALSE
	EndGlobalSection
	GlobalSection(ExtensibilityGlobals) = postSolution
		SolutionGuid = {88464B10-AFA5-4DDA-94DA-C0FA5D782898}
	EndGlobalSection
EndGlobal
